
Microsoft Visual Studio Solution File, Format Version 12.00
# Visual Studio Version 17
VisualStudioVersion = 17.5.33414.496
MinimumVisualStudioVersion = 10.0.40219.1
Project("{FAE04EC0-301F-11D3-BF4B-00C04F79EFBC}") = "EIMS", "EIMS\EIMS.csproj", "{F69D5DB1-A6EA-4F31-BD4B-33CEEC0092DB}"
EndProject
Global
	GlobalSection(SolutionConfigurationPlatforms) = preSolution
		Debug|Any CPU = Debug|Any CPU
		Release|Any CPU = Release|Any CPU
	EndGlobalSection
	GlobalSection(ProjectConfigurationPlatforms) = postSolution
		{F69D5DB1-A6EA-4F31-BD4B-33CEEC0092DB}.Debug|Any CPU.ActiveCfg = Debug|Any CPU
		{F69D5DB1-A6EA-4F31-BD4B-33CEEC0092DB}.Debug|Any CPU.Build.0 = Debug|Any CPU
		{F69D5DB1-A6EA-4F31-BD4B-33CEEC0092DB}.Release|Any CPU.ActiveCfg = Release|Any CPU
		{F69D5DB1-A6EA-4F31-BD4B-33CEEC0092DB}.Release|Any CPU.Build.0 = Release|Any CPU
	EndGlobalSection
	GlobalSection(SolutionProperties) = preSolution
		HideSolutionNode = FALSE
	EndGlobalSection
	GlobalSection(ExtensibilityGlobals) = postSolution
		SolutionGuid = {60AF72D3-D391-4567-9864-F2930EA51D5D}
	EndGlobalSection
EndGlobal
